
Microsoft Visual Studio Solution File, Format Version 12.00
# Visual Studio Version 17
VisualStudioVersion = 17.7.34031.279
MinimumVisualStudioVersion = 10.0.40219.1
Project("{FAE04EC0-301F-11D3-BF4B-00C04F79EFBC}") = "GuidTest", "GuidTest\GuidTest.csproj", "{C79ED75B-2E99-4B7E-BBDA-6BA361856080}"
EndProject
Global
	GlobalSection(SolutionConfigurationPlatforms) = preSolution
		Debug|Any CPU = Debug|Any CPU
		Release|Any CPU = Release|Any CPU
	EndGlobalSection
	GlobalSection(ProjectConfigurationPlatforms) = postSolution
		{C79ED75B-2E99-4B7E-BBDA-6BA361856080}.Debug|Any CPU.ActiveCfg = Debug|Any CPU
		{C79ED75B-2E99-4B7E-BBDA-6BA361856080}.Debug|Any CPU.Build.0 = Debug|Any CPU
		{C79ED75B-2E99-4B7E-BBDA-6BA361856080}.Release|Any CPU.ActiveCfg = Release|Any CPU
		{C79ED75B-2E99-4B7E-BBDA-6BA361856080}.Release|Any CPU.Build.0 = Release|Any CPU
	EndGlobalSection
	GlobalSection(SolutionProperties) = preSolution
		HideSolutionNode = FALSE
	EndGlobalSection
	GlobalSection(ExtensibilityGlobals) = postSolution
		SolutionGuid = {BAA34731-6A22-4373-977A-24EF812377F4}
	EndGlobalSection
EndGlobal
